
Microsoft Visual Studio Solution File, Format Version 12.00
# Visual Studio Version 17
VisualStudioVersion = 17.14.36511.14 d17.14
MinimumVisualStudioVersion = 10.0.40219.1
Project("{FAE04EC0-301F-11D3-BF4B-00C04F79EFBC}") = "Ejercicio 2 & 3", "Ejercicio 2 & 3\Ejercicio 2 & 3.csproj", "{037BC6C6-C537-41DC-BDA0-028EF23F76D9}"
EndProject
Global
	GlobalSection(SolutionConfigurationPlatforms) = preSolution
		Debug|Any CPU = Debug|Any CPU
		Release|Any CPU = Release|Any CPU
	EndGlobalSection
	GlobalSection(ProjectConfigurationPlatforms) = postSolution
		{037BC6C6-C537-41DC-BDA0-028EF23F76D9}.Debug|Any CPU.ActiveCfg = Debug|Any CPU
		{037BC6C6-C537-41DC-BDA0-028EF23F76D9}.Debug|Any CPU.Build.0 = Debug|Any CPU
		{037BC6C6-C537-41DC-BDA0-028EF23F76D9}.Release|Any CPU.ActiveCfg = Release|Any CPU
		{037BC6C6-C537-41DC-BDA0-028EF23F76D9}.Release|Any CPU.Build.0 = Release|Any CPU
	EndGlobalSection
	GlobalSection(SolutionProperties) = preSolution
		HideSolutionNode = FALSE
	EndGlobalSection
	GlobalSection(ExtensibilityGlobals) = postSolution
		SolutionGuid = {EA428AE5-8193-4CAC-B28B-46A53BB2BDF7}
	EndGlobalSection
EndGlobal
