
Microsoft Visual Studio Solution File, Format Version 12.00
# Visual Studio Version 17
VisualStudioVersion = 17.14.36511.14 d17.14
MinimumVisualStudioVersion = 10.0.40219.1
Project("{FAE04EC0-301F-11D3-BF4B-00C04F79EFBC}") = "Ejercicio3", "Ejercicio3\Ejercicio3.csproj", "{92D80A95-61D8-4084-B559-C094D085C414}"
EndProject
Global
	GlobalSection(SolutionConfigurationPlatforms) = preSolution
		Debug|Any CPU = Debug|Any CPU
		Release|Any CPU = Release|Any CPU
	EndGlobalSection
	GlobalSection(ProjectConfigurationPlatforms) = postSolution
		{92D80A95-61D8-4084-B559-C094D085C414}.Debug|Any CPU.ActiveCfg = Debug|Any CPU
		{92D80A95-61D8-4084-B559-C094D085C414}.Debug|Any CPU.Build.0 = Debug|Any CPU
		{92D80A95-61D8-4084-B559-C094D085C414}.Release|Any CPU.ActiveCfg = Release|Any CPU
		{92D80A95-61D8-4084-B559-C094D085C414}.Release|Any CPU.Build.0 = Release|Any CPU
	EndGlobalSection
	GlobalSection(SolutionProperties) = preSolution
		HideSolutionNode = FALSE
	EndGlobalSection
	GlobalSection(ExtensibilityGlobals) = postSolution
		SolutionGuid = {985709C9-C76B-464C-B7EA-20FF3F3A3B96}
	EndGlobalSection
EndGlobal
