
Microsoft Visual Studio Solution File, Format Version 12.00
# Visual Studio Version 17
VisualStudioVersion = 17.14.36511.14 d17.14
MinimumVisualStudioVersion = 10.0.40219.1
Project("{FAE04EC0-301F-11D3-BF4B-00C04F79EFBC}") = "AbrirCerrar", "AbrirCerrar\AbrirCerrar.csproj", "{18149CD1-CDAA-4A93-A2F7-B50B1FE8F600}"
EndProject
Global
	GlobalSection(SolutionConfigurationPlatforms) = preSolution
		Debug|Any CPU = Debug|Any CPU
		Release|Any CPU = Release|Any CPU
	EndGlobalSection
	GlobalSection(ProjectConfigurationPlatforms) = postSolution
		{18149CD1-CDAA-4A93-A2F7-B50B1FE8F600}.Debug|Any CPU.ActiveCfg = Debug|Any CPU
		{18149CD1-CDAA-4A93-A2F7-B50B1FE8F600}.Debug|Any CPU.Build.0 = Debug|Any CPU
		{18149CD1-CDAA-4A93-A2F7-B50B1FE8F600}.Release|Any CPU.ActiveCfg = Release|Any CPU
		{18149CD1-CDAA-4A93-A2F7-B50B1FE8F600}.Release|Any CPU.Build.0 = Release|Any CPU
	EndGlobalSection
	GlobalSection(SolutionProperties) = preSolution
		HideSolutionNode = FALSE
	EndGlobalSection
	GlobalSection(ExtensibilityGlobals) = postSolution
		SolutionGuid = {1E8B239E-A0B7-4E91-BFF9-91CD1CCD15A1}
	EndGlobalSection
EndGlobal
