
Microsoft Visual Studio Solution File, Format Version 12.00
# Visual Studio Version 17
VisualStudioVersion = 17.14.36511.14 d17.14
MinimumVisualStudioVersion = 10.0.40219.1
Project("{FAE04EC0-301F-11D3-BF4B-00C04F79EFBC}") = "Ejercicio 4", "Ejercicio 4\Ejercicio 4.csproj", "{055BA87D-1F4C-4716-98E3-CADC8123494C}"
EndProject
Global
	GlobalSection(SolutionConfigurationPlatforms) = preSolution
		Debug|Any CPU = Debug|Any CPU
		Release|Any CPU = Release|Any CPU
	EndGlobalSection
	GlobalSection(ProjectConfigurationPlatforms) = postSolution
		{055BA87D-1F4C-4716-98E3-CADC8123494C}.Debug|Any CPU.ActiveCfg = Debug|Any CPU
		{055BA87D-1F4C-4716-98E3-CADC8123494C}.Debug|Any CPU.Build.0 = Debug|Any CPU
		{055BA87D-1F4C-4716-98E3-CADC8123494C}.Release|Any CPU.ActiveCfg = Release|Any CPU
		{055BA87D-1F4C-4716-98E3-CADC8123494C}.Release|Any CPU.Build.0 = Release|Any CPU
	EndGlobalSection
	GlobalSection(SolutionProperties) = preSolution
		HideSolutionNode = FALSE
	EndGlobalSection
	GlobalSection(ExtensibilityGlobals) = postSolution
		SolutionGuid = {85F6AE78-E6AC-4EBA-BF14-6778CC5144FF}
	EndGlobalSection
EndGlobal
