
Microsoft Visual Studio Solution File, Format Version 12.00
# Visual Studio Version 17
VisualStudioVersion = 17.14.36511.14 d17.14
MinimumVisualStudioVersion = 10.0.40219.1
Project("{FAE04EC0-301F-11D3-BF4B-00C04F79EFBC}") = "IntroduccionNivel-Avanzado", "IntroduccionNivel-Avanzado\IntroduccionNivel-Avanzado.csproj", "{72F02A19-2134-4EC0-B3D5-C7D9CCEA0958}"
EndProject
Global
	GlobalSection(SolutionConfigurationPlatforms) = preSolution
		Debug|Any CPU = Debug|Any CPU
		Release|Any CPU = Release|Any CPU
	EndGlobalSection
	GlobalSection(ProjectConfigurationPlatforms) = postSolution
		{72F02A19-2134-4EC0-B3D5-C7D9CCEA0958}.Debug|Any CPU.ActiveCfg = Debug|Any CPU
		{72F02A19-2134-4EC0-B3D5-C7D9CCEA0958}.Debug|Any CPU.Build.0 = Debug|Any CPU
		{72F02A19-2134-4EC0-B3D5-C7D9CCEA0958}.Release|Any CPU.ActiveCfg = Release|Any CPU
		{72F02A19-2134-4EC0-B3D5-C7D9CCEA0958}.Release|Any CPU.Build.0 = Release|Any CPU
	EndGlobalSection
	GlobalSection(SolutionProperties) = preSolution
		HideSolutionNode = FALSE
	EndGlobalSection
	GlobalSection(ExtensibilityGlobals) = postSolution
		SolutionGuid = {3137150B-74F8-41B5-B0A4-91E2001296BC}
	EndGlobalSection
EndGlobal
