
Microsoft Visual Studio Solution File, Format Version 12.00
# Visual Studio Version 17
VisualStudioVersion = 17.14.36511.14 d17.14
MinimumVisualStudioVersion = 10.0.40219.1
Project("{FAE04EC0-301F-11D3-BF4B-00C04F79EFBC}") = "Ejercicio 2", "Ejercicio 2\Ejercicio 2.csproj", "{B06CCF36-171E-4B7A-BD07-CF04CB734F31}"
EndProject
Global
	GlobalSection(SolutionConfigurationPlatforms) = preSolution
		Debug|Any CPU = Debug|Any CPU
		Release|Any CPU = Release|Any CPU
	EndGlobalSection
	GlobalSection(ProjectConfigurationPlatforms) = postSolution
		{B06CCF36-171E-4B7A-BD07-CF04CB734F31}.Debug|Any CPU.ActiveCfg = Debug|Any CPU
		{B06CCF36-171E-4B7A-BD07-CF04CB734F31}.Debug|Any CPU.Build.0 = Debug|Any CPU
		{B06CCF36-171E-4B7A-BD07-CF04CB734F31}.Release|Any CPU.ActiveCfg = Release|Any CPU
		{B06CCF36-171E-4B7A-BD07-CF04CB734F31}.Release|Any CPU.Build.0 = Release|Any CPU
	EndGlobalSection
	GlobalSection(SolutionProperties) = preSolution
		HideSolutionNode = FALSE
	EndGlobalSection
	GlobalSection(ExtensibilityGlobals) = postSolution
		SolutionGuid = {8D2915B7-D7FB-47FA-9515-40F6AA53BDCE}
	EndGlobalSection
EndGlobal
